
Microsoft Visual Studio Solution File, Format Version 12.00
# Visual Studio 15
VisualStudioVersion = 15.0.26730.3
MinimumVisualStudioVersion = 10.0.40219.1
Project("{FAE04EC0-301F-11D3-BF4B-00C04F79EFBC}") = "time", "src\time.csproj", "{9E420D8E-386A-439B-9F0D-7AB2B263B18F}"
EndProject
Global
	GlobalSection(SolutionConfigurationPlatforms) = preSolution
		Debug|Any CPU = Debug|Any CPU
		Release|Any CPU = Release|Any CPU
	EndGlobalSection
	GlobalSection(ProjectConfigurationPlatforms) = postSolution
		{9E420D8E-386A-439B-9F0D-7AB2B263B18F}.Debug|Any CPU.ActiveCfg = Debug|Any CPU
		{9E420D8E-386A-439B-9F0D-7AB2B263B18F}.Debug|Any CPU.Build.0 = Debug|Any CPU
		{9E420D8E-386A-439B-9F0D-7AB2B263B18F}.Release|Any CPU.ActiveCfg = Release|Any CPU
		{9E420D8E-386A-439B-9F0D-7AB2B263B18F}.Release|Any CPU.Build.0 = Release|Any CPU
	EndGlobalSection
	GlobalSection(SolutionProperties) = preSolution
		HideSolutionNode = FALSE
	EndGlobalSection
	GlobalSection(ExtensibilityGlobals) = postSolution
		SolutionGuid = {576D99D6-8773-42EC-9E4A-FD69FE25A0F5}
	EndGlobalSection
EndGlobal
